// !$*UTF8*$!
{
	archiveVersion = 1;
	classes = {
	};
	objectVersion = 55;
	objects = {

/* Begin PBXBuildFile section */
		22B9A9B727DC36CA00EF754F /* DrawingData+CoreDataClass.swift in Sources */ = {isa = PBXBuildFile; fileRef = 22B9A9B527DC36CA00EF754F /* DrawingData+CoreDataClass.swift */; };
		22B9A9B827DC36CA00EF754F /* DrawingData+CoreDataProperties.swift in Sources */ = {isa = PBXBuildFile; fileRef = 22B9A9B627DC36CA00EF754F /* DrawingData+CoreDataProperties.swift */; };
		2F490AEF27CD44370096C86B /* .gitignore in Resources */ = {isa = PBXBuildFile; fileRef = 2F490AEE27CD44370096C86B /* .gitignore */; };
		2F490AF327CE8FFF0096C86B /* .gitattributes in Resources */ = {isa = PBXBuildFile; fileRef = 2F490AF227CE8FFF0096C86B /* .gitattributes */; };
		2FF5C02C27D84F4900404235 /* Screen+CoreDataClass.swift in Sources */ = {isa = PBXBuildFile; fileRef = 2FF5C02827D84F4900404235 /* Screen+CoreDataClass.swift */; };
		2FF5C02D27D84F4900404235 /* Screen+CoreDataProperties.swift in Sources */ = {isa = PBXBuildFile; fileRef = 2FF5C02927D84F4900404235 /* Screen+CoreDataProperties.swift */; };
		2FF5C02E27D84F4900404235 /* TrialSettings+CoreDataClass.swift in Sources */ = {isa = PBXBuildFile; fileRef = 2FF5C02A27D84F4900404235 /* TrialSettings+CoreDataClass.swift */; };
		2FF5C02F27D84F4900404235 /* TrialSettings+CoreDataProperties.swift in Sources */ = {isa = PBXBuildFile; fileRef = 2FF5C02B27D84F4900404235 /* TrialSettings+CoreDataProperties.swift */; };
		2FF5C03827E01FD200404235 /* CreateTrialSettingsModalView.swift in Sources */ = {isa = PBXBuildFile; fileRef = 2FF5C03727E01FD200404235 /* CreateTrialSettingsModalView.swift */; };
		2FF5C03A27E026C900404235 /* ModalViewModifier.swift in Sources */ = {isa = PBXBuildFile; fileRef = 2FF5C03927E026C900404235 /* ModalViewModifier.swift */; };
		3718E12E27CD39B100A3EBBB /* EditTrialSettingsView.swift in Sources */ = {isa = PBXBuildFile; fileRef = 3718E12D27CD39B100A3EBBB /* EditTrialSettingsView.swift */; };
		3718E13027CD39D300A3EBBB /* ExportDataView.swift in Sources */ = {isa = PBXBuildFile; fileRef = 3718E12F27CD39D300A3EBBB /* ExportDataView.swift */; };
		376E137427A6FCAA00747303 /* App.swift in Sources */ = {isa = PBXBuildFile; fileRef = 376E137327A6FCAA00747303 /* App.swift */; };
		376E137627A6FCAA00747303 /* ContentView.swift in Sources */ = {isa = PBXBuildFile; fileRef = 376E137527A6FCAA00747303 /* ContentView.swift */; };
		376E137827A6FCAE00747303 /* Assets.xcassets in Resources */ = {isa = PBXBuildFile; fileRef = 376E137727A6FCAE00747303 /* Assets.xcassets */; };
		376E137B27A6FCAE00747303 /* Preview Assets.xcassets in Resources */ = {isa = PBXBuildFile; fileRef = 376E137A27A6FCAE00747303 /* Preview Assets.xcassets */; };
		376E137D27A6FCAE00747303 /* Persistence.swift in Sources */ = {isa = PBXBuildFile; fileRef = 376E137C27A6FCAE00747303 /* Persistence.swift */; };
		376E138027A6FCAE00747303 /* App.xcdatamodeld in Sources */ = {isa = PBXBuildFile; fileRef = 376E137E27A6FCAE00747303 /* App.xcdatamodeld */; };
		376E139427A6FFDB00747303 /* CreateTrialSettingsView.swift in Sources */ = {isa = PBXBuildFile; fileRef = 376E139027A6FFDB00747303 /* CreateTrialSettingsView.swift */; };
		376E139527A6FFDB00747303 /* StartATrialView.swift in Sources */ = {isa = PBXBuildFile; fileRef = 376E139127A6FFDB00747303 /* StartATrialView.swift */; };
		376E139627A6FFDB00747303 /* ViewMediaView.swift in Sources */ = {isa = PBXBuildFile; fileRef = 376E139227A6FFDB00747303 /* ViewMediaView.swift */; };
		376E139727A6FFDB00747303 /* UploadMediaView.swift in Sources */ = {isa = PBXBuildFile; fileRef = 376E139327A6FFDB00747303 /* UploadMediaView.swift */; };
/* End PBXBuildFile section */

/* Begin PBXFileReference section */
		22B9A9B527DC36CA00EF754F /* DrawingData+CoreDataClass.swift */ = {isa = PBXFileReference; lastKnownFileType = sourcecode.swift; path = "DrawingData+CoreDataClass.swift"; sourceTree = "<group>"; };
		22B9A9B627DC36CA00EF754F /* DrawingData+CoreDataProperties.swift */ = {isa = PBXFileReference; lastKnownFileType = sourcecode.swift; path = "DrawingData+CoreDataProperties.swift"; sourceTree = "<group>"; };
		2F490AEE27CD44370096C86B /* .gitignore */ = {isa = PBXFileReference; lastKnownFileType = text; path = .gitignore; sourceTree = "<group>"; };
		2F490AF227CE8FFF0096C86B /* .gitattributes */ = {isa = PBXFileReference; lastKnownFileType = text; path = .gitattributes; sourceTree = "<group>"; };
		2FF5C02827D84F4900404235 /* Screen+CoreDataClass.swift */ = {isa = PBXFileReference; lastKnownFileType = sourcecode.swift; path = "Screen+CoreDataClass.swift"; sourceTree = "<group>"; };
		2FF5C02927D84F4900404235 /* Screen+CoreDataProperties.swift */ = {isa = PBXFileReference; lastKnownFileType = sourcecode.swift; path = "Screen+CoreDataProperties.swift"; sourceTree = "<group>"; };
		2FF5C02A27D84F4900404235 /* TrialSettings+CoreDataClass.swift */ = {isa = PBXFileReference; lastKnownFileType = sourcecode.swift; path = "TrialSettings+CoreDataClass.swift"; sourceTree = "<group>"; };
		2FF5C02B27D84F4900404235 /* TrialSettings+CoreDataProperties.swift */ = {isa = PBXFileReference; lastKnownFileType = sourcecode.swift; path = "TrialSettings+CoreDataProperties.swift"; sourceTree = "<group>"; };
		2FF5C03727E01FD200404235 /* CreateTrialSettingsModalView.swift */ = {isa = PBXFileReference; lastKnownFileType = sourcecode.swift; path = CreateTrialSettingsModalView.swift; sourceTree = "<group>"; };
		2FF5C03927E026C900404235 /* ModalViewModifier.swift */ = {isa = PBXFileReference; lastKnownFileType = sourcecode.swift; path = ModalViewModifier.swift; sourceTree = "<group>"; };
		3718E12D27CD39B100A3EBBB /* EditTrialSettingsView.swift */ = {isa = PBXFileReference; lastKnownFileType = sourcecode.swift; path = EditTrialSettingsView.swift; sourceTree = "<group>"; };
		3718E12F27CD39D300A3EBBB /* ExportDataView.swift */ = {isa = PBXFileReference; lastKnownFileType = sourcecode.swift; path = ExportDataView.swift; sourceTree = "<group>"; };
		376E137027A6FCAA00747303 /* App.app */ = {isa = PBXFileReference; explicitFileType = wrapper.application; includeInIndex = 0; path = App.app; sourceTree = BUILT_PRODUCTS_DIR; };
		376E137327A6FCAA00747303 /* App.swift */ = {isa = PBXFileReference; lastKnownFileType = sourcecode.swift; path = App.swift; sourceTree = "<group>"; };
		376E137527A6FCAA00747303 /* ContentView.swift */ = {isa = PBXFileReference; lastKnownFileType = sourcecode.swift; path = ContentView.swift; sourceTree = "<group>"; };
		376E137727A6FCAE00747303 /* Assets.xcassets */ = {isa = PBXFileReference; lastKnownFileType = folder.assetcatalog; path = Assets.xcassets; sourceTree = "<group>"; };
		376E137A27A6FCAE00747303 /* Preview Assets.xcassets */ = {isa = PBXFileReference; lastKnownFileType = folder.assetcatalog; path = "Preview Assets.xcassets"; sourceTree = "<group>"; };
		376E137C27A6FCAE00747303 /* Persistence.swift */ = {isa = PBXFileReference; lastKnownFileType = sourcecode.swift; path = Persistence.swift; sourceTree = "<group>"; };
		376E137F27A6FCAE00747303 /* App.xcdatamodel */ = {isa = PBXFileReference; lastKnownFileType = wrapper.xcdatamodel; path = App.xcdatamodel; sourceTree = "<group>"; };
		376E139027A6FFDB00747303 /* CreateTrialSettingsView.swift */ = {isa = PBXFileReference; fileEncoding = 4; lastKnownFileType = sourcecode.swift; path = CreateTrialSettingsView.swift; sourceTree = "<group>"; };
		376E139127A6FFDB00747303 /* StartATrialView.swift */ = {isa = PBXFileReference; fileEncoding = 4; lastKnownFileType = sourcecode.swift; path = StartATrialView.swift; sourceTree = "<group>"; };
		376E139227A6FFDB00747303 /* ViewMediaView.swift */ = {isa = PBXFileReference; fileEncoding = 4; lastKnownFileType = sourcecode.swift; path = ViewMediaView.swift; sourceTree = "<group>"; };
		376E139327A6FFDB00747303 /* UploadMediaView.swift */ = {isa = PBXFileReference; fileEncoding = 4; lastKnownFileType = sourcecode.swift; path = UploadMediaView.swift; sourceTree = "<group>"; };
/* End PBXFileReference section */

/* Begin PBXFrameworksBuildPhase section */
		376E136D27A6FCAA00747303 /* Frameworks */ = {
			isa = PBXFrameworksBuildPhase;
			buildActionMask = 2147483647;
			files = (
			);
			runOnlyForDeploymentPostprocessing = 0;
		};
/* End PBXFrameworksBuildPhase section */

/* Begin PBXGroup section */
		2222D3D127F0BEDE00CFB752 /* Models */ = {
			isa = PBXGroup;
			children = (
				22B9A9B527DC36CA00EF754F /* DrawingData+CoreDataClass.swift */,
				22B9A9B627DC36CA00EF754F /* DrawingData+CoreDataProperties.swift */,
			);
			path = Models;
			sourceTree = "<group>";
		};
		2FF1062427CD3CAF00DD4BE1 /* Views */ = {
			isa = PBXGroup;
			children = (
				376E139027A6FFDB00747303 /* CreateTrialSettingsView.swift */,
				376E137527A6FCAA00747303 /* ContentView.swift */,
				376E139227A6FFDB00747303 /* ViewMediaView.swift */,
				376E139127A6FFDB00747303 /* StartATrialView.swift */,
				376E139327A6FFDB00747303 /* UploadMediaView.swift */,
				3718E12F27CD39D300A3EBBB /* ExportDataView.swift */,
				3718E12D27CD39B100A3EBBB /* EditTrialSettingsView.swift */,
				2FF5C03727E01FD200404235 /* CreateTrialSettingsModalView.swift */,
				2FF5C03927E026C900404235 /* ModalViewModifier.swift */,
			);
			path = Views;
			sourceTree = "<group>";
		};
		2FF5C03027D84F5F00404235 /* Models */ = {
			isa = PBXGroup;
			children = (
				2FF5C02827D84F4900404235 /* Screen+CoreDataClass.swift */,
				2FF5C02927D84F4900404235 /* Screen+CoreDataProperties.swift */,
				2FF5C02A27D84F4900404235 /* TrialSettings+CoreDataClass.swift */,
				2FF5C02B27D84F4900404235 /* TrialSettings+CoreDataProperties.swift */,
			);
			path = Models;
			sourceTree = "<group>";
		};
		376E136727A6FCAA00747303 = {
			isa = PBXGroup;
			children = (
				2F490AF227CE8FFF0096C86B /* .gitattributes */,
				2F490AEE27CD44370096C86B /* .gitignore */,
				376E137227A6FCAA00747303 /* App */,
				376E137127A6FCAA00747303 /* Products */,
			);
			sourceTree = "<group>";
		};
		376E137127A6FCAA00747303 /* Products */ = {
			isa = PBXGroup;
			children = (
				376E137027A6FCAA00747303 /* App.app */,
			);
			name = Products;
			sourceTree = "<group>";
		};
		376E137227A6FCAA00747303 /* App */ = {
			isa = PBXGroup;
			children = (
				2FF5C03027D84F5F00404235 /* Models */,
				2222D3D127F0BEDE00CFB752 /* Models */,
				2FF1062427CD3CAF00DD4BE1 /* Views */,
				376E137327A6FCAA00747303 /* App.swift */,
				376E137727A6FCAE00747303 /* Assets.xcassets */,
				376E137C27A6FCAE00747303 /* Persistence.swift */,
				376E137E27A6FCAE00747303 /* App.xcdatamodeld */,
				376E137927A6FCAE00747303 /* Preview Content */,
			);
			path = App;
			sourceTree = "<group>";
		};
		376E137927A6FCAE00747303 /* Preview Content */ = {
			isa = PBXGroup;
			children = (
				376E137A27A6FCAE00747303 /* Preview Assets.xcassets */,
			);
			path = "Preview Content";
			sourceTree = "<group>";
		};
/* End PBXGroup section */

/* Begin PBXNativeTarget section */
		376E136F27A6FCAA00747303 /* App */ = {
			isa = PBXNativeTarget;
			buildConfigurationList = 376E138327A6FCAE00747303 /* Build configuration list for PBXNativeTarget "App" */;
			buildPhases = (
				376E136C27A6FCAA00747303 /* Sources */,
				376E136D27A6FCAA00747303 /* Frameworks */,
				376E136E27A6FCAA00747303 /* Resources */,
			);
			buildRules = (
			);
			dependencies = (
			);
			name = App;
			productName = App;
			productReference = 376E137027A6FCAA00747303 /* App.app */;
			productType = "com.apple.product-type.application";
		};
/* End PBXNativeTarget section */

/* Begin PBXProject section */
		376E136827A6FCAA00747303 /* Project object */ = {
			isa = PBXProject;
			attributes = {
				BuildIndependentTargetsInParallel = 1;
				LastSwiftUpdateCheck = 1320;
				LastUpgradeCheck = 1320;
				TargetAttributes = {
					376E136F27A6FCAA00747303 = {
						CreatedOnToolsVersion = 13.2.1;
					};
				};
			};
			buildConfigurationList = 376E136B27A6FCAA00747303 /* Build configuration list for PBXProject "App" */;
			compatibilityVersion = "Xcode 13.0";
			developmentRegion = en;
			hasScannedForEncodings = 0;
			knownRegions = (
				en,
				Base,
			);
			mainGroup = 376E136727A6FCAA00747303;
			productRefGroup = 376E137127A6FCAA00747303 /* Products */;
			projectDirPath = "";
			projectRoot = "";
			targets = (
				376E136F27A6FCAA00747303 /* App */,
			);
		};
/* End PBXProject section */

/* Begin PBXResourcesBuildPhase section */
		376E136E27A6FCAA00747303 /* Resources */ = {
			isa = PBXResourcesBuildPhase;
			buildActionMask = 2147483647;
			files = (
				376E137B27A6FCAE00747303 /* Preview Assets.xcassets in Resources */,
				2F490AEF27CD44370096C86B /* .gitignore in Resources */,
				376E137827A6FCAE00747303 /* Assets.xcassets in Resources */,
				2F490AF327CE8FFF0096C86B /* .gitattributes in Resources */,
			);
			runOnlyForDeploymentPostprocessing = 0;
		};
/* End PBXResourcesBuildPhase section */

/* Begin PBXSourcesBuildPhase section */
		376E136C27A6FCAA00747303 /* Sources */ = {
			isa = PBXSourcesBuildPhase;
			buildActionMask = 2147483647;
			files = (
				376E137D27A6FCAE00747303 /* Persistence.swift in Sources */,
				2FF5C02D27D84F4900404235 /* Screen+CoreDataProperties.swift in Sources */,
				2FF5C03A27E026C900404235 /* ModalViewModifier.swift in Sources */,
				3718E13027CD39D300A3EBBB /* ExportDataView.swift in Sources */,
				22B9A9B727DC36CA00EF754F /* DrawingData+CoreDataClass.swift in Sources */,
				376E139727A6FFDB00747303 /* UploadMediaView.swift in Sources */,
				2FF5C03827E01FD200404235 /* CreateTrialSettingsModalView.swift in Sources */,
				2FF5C02E27D84F4900404235 /* TrialSettings+CoreDataClass.swift in Sources */,
				376E138027A6FCAE00747303 /* App.xcdatamodeld in Sources */,
				376E137627A6FCAA00747303 /* ContentView.swift in Sources */,
				376E139627A6FFDB00747303 /* ViewMediaView.swift in Sources */,
				2FF5C02C27D84F4900404235 /* Screen+CoreDataClass.swift in Sources */,
				376E137427A6FCAA00747303 /* App.swift in Sources */,
				22B9A9B827DC36CA00EF754F /* DrawingData+CoreDataProperties.swift in Sources */,
				3718E12E27CD39B100A3EBBB /* EditTrialSettingsView.swift in Sources */,
				2FF5C02F27D84F4900404235 /* TrialSettings+CoreDataProperties.swift in Sources */,
				376E139427A6FFDB00747303 /* CreateTrialSettingsView.swift in Sources */,
				376E139527A6FFDB00747303 /* StartATrialView.swift in Sources */,
			);
			runOnlyForDeploymentPostprocessing = 0;
		};
/* End PBXSourcesBuildPhase section */

/* Begin XCBuildConfiguration section */
		376E138127A6FCAE00747303 /* Debug */ = {
			isa = XCBuildConfiguration;
			buildSettings = {
				ALWAYS_SEARCH_USER_PATHS = NO;
				CLANG_ANALYZER_NONNULL = YES;
				CLANG_ANALYZER_NUMBER_OBJECT_CONVERSION = YES_AGGRESSIVE;
				CLANG_CXX_LANGUAGE_STANDARD = "gnu++17";
				CLANG_CXX_LIBRARY = "libc++";
				CLANG_ENABLE_MODULES = YES;
				CLANG_ENABLE_OBJC_ARC = YES;
				CLANG_ENABLE_OBJC_WEAK = YES;
				CLANG_WARN_BLOCK_CAPTURE_AUTORELEASING = YES;
				CLANG_WARN_BOOL_CONVERSION = YES;
				CLANG_WARN_COMMA = YES;
				CLANG_WARN_CONSTANT_CONVERSION = YES;
				CLANG_WARN_DEPRECATED_OBJC_IMPLEMENTATIONS = YES;
				CLANG_WARN_DIRECT_OBJC_ISA_USAGE = YES_ERROR;
				CLANG_WARN_DOCUMENTATION_COMMENTS = YES;
				CLANG_WARN_EMPTY_BODY = YES;
				CLANG_WARN_ENUM_CONVERSION = YES;
				CLANG_WARN_INFINITE_RECURSION = YES;
				CLANG_WARN_INT_CONVERSION = YES;
				CLANG_WARN_NON_LITERAL_NULL_CONVERSION = YES;
				CLANG_WARN_OBJC_IMPLICIT_RETAIN_SELF = YES;
				CLANG_WARN_OBJC_LITERAL_CONVERSION = YES;
				CLANG_WARN_OBJC_ROOT_CLASS = YES_ERROR;
				CLANG_WARN_QUOTED_INCLUDE_IN_FRAMEWORK_HEADER = YES;
				CLANG_WARN_RANGE_LOOP_ANALYSIS = YES;
				CLANG_WARN_STRICT_PROTOTYPES = YES;
				CLANG_WARN_SUSPICIOUS_MOVE = YES;
				CLANG_WARN_UNGUARDED_AVAILABILITY = YES_AGGRESSIVE;
				CLANG_WARN_UNREACHABLE_CODE = YES;
				CLANG_WARN__DUPLICATE_METHOD_MATCH = YES;
				COPY_PHASE_STRIP = NO;
				DEBUG_INFORMATION_FORMAT = dwarf;
				ENABLE_STRICT_OBJC_MSGSEND = YES;
				ENABLE_TESTABILITY = YES;
				GCC_C_LANGUAGE_STANDARD = gnu11;
				GCC_DYNAMIC_NO_PIC = NO;
				GCC_NO_COMMON_BLOCKS = YES;
				GCC_OPTIMIZATION_LEVEL = 0;
				GCC_PREPROCESSOR_DEFINITIONS = (
					"DEBUG=1",
					"$(inherited)",
				);
				GCC_WARN_64_TO_32_BIT_CONVERSION = YES;
				GCC_WARN_ABOUT_RETURN_TYPE = YES_ERROR;
				GCC_WARN_UNDECLARED_SELECTOR = YES;
				GCC_WARN_UNINITIALIZED_AUTOS = YES_AGGRESSIVE;
				GCC_WARN_UNUSED_FUNCTION = YES;
				GCC_WARN_UNUSED_VARIABLE = YES;
				IPHONEOS_DEPLOYMENT_TARGET = 15.2;
				MTL_ENABLE_DEBUG_INFO = INCLUDE_SOURCE;
				MTL_FAST_MATH = YES;
				ONLY_ACTIVE_ARCH = YES;
				SDKROOT = iphoneos;
				SWIFT_ACTIVE_COMPILATION_CONDITIONS = DEBUG;
				SWIFT_OPTIMIZATION_LEVEL = "-Onone";
			};
			name = Debug;
		};
		376E138227A6FCAE00747303 /* Release */ = {
			isa = XCBuildConfiguration;
			buildSettings = {
				ALWAYS_SEARCH_USER_PATHS = NO;
				CLANG_ANALYZER_NONNULL = YES;
				CLANG_ANALYZER_NUMBER_OBJECT_CONVERSION = YES_AGGRESSIVE;
				CLANG_CXX_LANGUAGE_STANDARD = "gnu++17";
				CLANG_CXX_LIBRARY = "libc++";
				CLANG_ENABLE_MODULES = YES;
				CLANG_ENABLE_OBJC_ARC = YES;
				CLANG_ENABLE_OBJC_WEAK = YES;
				CLANG_WARN_BLOCK_CAPTURE_AUTORELEASING = YES;
				CLANG_WARN_BOOL_CONVERSION = YES;
				CLANG_WARN_COMMA = YES;
				CLANG_WARN_CONSTANT_CONVERSION = YES;
				CLANG_WARN_DEPRECATED_OBJC_IMPLEMENTATIONS = YES;
				CLANG_WARN_DIRECT_OBJC_ISA_USAGE = YES_ERROR;
				CLANG_WARN_DOCUMENTATION_COMMENTS = YES;
				CLANG_WARN_EMPTY_BODY = YES;
				CLANG_WARN_ENUM_CONVERSION = YES;
				CLANG_WARN_INFINITE_RECURSION = YES;
				CLANG_WARN_INT_CONVERSION = YES;
				CLANG_WARN_NON_LITERAL_NULL_CONVERSION = YES;
				CLANG_WARN_OBJC_IMPLICIT_RETAIN_SELF = YES;
				CLANG_WARN_OBJC_LITERAL_CONVERSION = YES;
				CLANG_WARN_OBJC_ROOT_CLASS = YES_ERROR;
				CLANG_WARN_QUOTED_INCLUDE_IN_FRAMEWORK_HEADER = YES;
				CLANG_WARN_RANGE_LOOP_ANALYSIS = YES;
				CLANG_WARN_STRICT_PROTOTYPES = YES;
				CLANG_WARN_SUSPICIOUS_MOVE = YES;
				CLANG_WARN_UNGUARDED_AVAILABILITY = YES_AGGRESSIVE;
				CLANG_WARN_UNREACHABLE_CODE = YES;
				CLANG_WARN__DUPLICATE_METHOD_MATCH = YES;
				COPY_PHASE_STRIP = NO;
				DEBUG_INFORMATION_FORMAT = "dwarf-with-dsym";
				ENABLE_NS_ASSERTIONS = NO;
				ENABLE_STRICT_OBJC_MSGSEND = YES;
				GCC_C_LANGUAGE_STANDARD = gnu11;
				GCC_NO_COMMON_BLOCKS = YES;
				GCC_WARN_64_TO_32_BIT_CONVERSION = YES;
				GCC_WARN_ABOUT_RETURN_TYPE = YES_ERROR;
				GCC_WARN_UNDECLARED_SELECTOR = YES;
				GCC_WARN_UNINITIALIZED_AUTOS = YES_AGGRESSIVE;
				GCC_WARN_UNUSED_FUNCTION = YES;
				GCC_WARN_UNUSED_VARIABLE = YES;
				IPHONEOS_DEPLOYMENT_TARGET = 15.2;
				MTL_ENABLE_DEBUG_INFO = NO;
				MTL_FAST_MATH = YES;
				SDKROOT = iphoneos;
				SWIFT_COMPILATION_MODE = wholemodule;
				SWIFT_OPTIMIZATION_LEVEL = "-O";
				VALIDATE_PRODUCT = YES;
			};
			name = Release;
		};
		376E138427A6FCAE00747303 /* Debug */ = {
			isa = XCBuildConfiguration;
			buildSettings = {
				ASSETCATALOG_COMPILER_APPICON_NAME = AppIcon;
				ASSETCATALOG_COMPILER_GLOBAL_ACCENT_COLOR_NAME = AccentColor;
				CODE_SIGN_STYLE = Automatic;
				CURRENT_PROJECT_VERSION = 1;
				DEVELOPMENT_ASSET_PATHS = "\"App/Preview Content\"";
				DEVELOPMENT_TEAM = MD859LCGYY;
				ENABLE_PREVIEWS = YES;
				GENERATE_INFOPLIST_FILE = YES;
				INFOPLIST_KEY_UIApplicationSceneManifest_Generation = YES;
				INFOPLIST_KEY_UIApplicationSupportsIndirectInputEvents = YES;
				INFOPLIST_KEY_UILaunchScreen_Generation = YES;
				INFOPLIST_KEY_UISupportedInterfaceOrientations_iPad = "UIInterfaceOrientationPortrait UIInterfaceOrientationPortraitUpsideDown UIInterfaceOrientationLandscapeLeft UIInterfaceOrientationLandscapeRight";
				INFOPLIST_KEY_UISupportedInterfaceOrientations_iPhone = "UIInterfaceOrientationPortrait UIInterfaceOrientationLandscapeLeft UIInterfaceOrientationLandscapeRight";
				LD_RUNPATH_SEARCH_PATHS = (
					"$(inherited)",
					"@executable_path/Frameworks",
				);
				MARKETING_VERSION = 1.0;
				PRODUCT_BUNDLE_IDENTIFIER = "com-TMP.App";
				PRODUCT_NAME = "$(TARGET_NAME)";
				SWIFT_EMIT_LOC_STRINGS = YES;
				SWIFT_VERSION = 5.0;
				TARGETED_DEVICE_FAMILY = "1,2";
			};
			name = Debug;
		};
		376E138527A6FCAE00747303 /* Release */ = {
			isa = XCBuildConfiguration;
			buildSettings = {
				ASSETCATALOG_COMPILER_APPICON_NAME = AppIcon;
				ASSETCATALOG_COMPILER_GLOBAL_ACCENT_COLOR_NAME = AccentColor;
				CODE_SIGN_STYLE = Automatic;
				CURRENT_PROJECT_VERSION = 1;
				DEVELOPMENT_ASSET_PATHS = "\"App/Preview Content\"";
				DEVELOPMENT_TEAM = MD859LCGYY;
				ENABLE_PREVIEWS = YES;
				GENERATE_INFOPLIST_FILE = YES;
				INFOPLIST_KEY_UIApplicationSceneManifest_Generation = YES;
				INFOPLIST_KEY_UIApplicationSupportsIndirectInputEvents = YES;
				INFOPLIST_KEY_UILaunchScreen_Generation = YES;
				INFOPLIST_KEY_UISupportedInterfaceOrientations_iPad = "UIInterfaceOrientationPortrait UIInterfaceOrientationPortraitUpsideDown UIInterfaceOrientationLandscapeLeft UIInterfaceOrientationLandscapeRight";
				INFOPLIST_KEY_UISupportedInterfaceOrientations_iPhone = "UIInterfaceOrientationPortrait UIInterfaceOrientationLandscapeLeft UIInterfaceOrientationLandscapeRight";
				LD_RUNPATH_SEARCH_PATHS = (
					"$(inherited)",
					"@executable_path/Frameworks",
				);
				MARKETING_VERSION = 1.0;
				PRODUCT_BUNDLE_IDENTIFIER = "com-TMP.App";
				PRODUCT_NAME = "$(TARGET_NAME)";
				SWIFT_EMIT_LOC_STRINGS = YES;
				SWIFT_VERSION = 5.0;
				TARGETED_DEVICE_FAMILY = "1,2";
			};
			name = Release;
		};
/* End XCBuildConfiguration section */

/* Begin XCConfigurationList section */
		376E136B27A6FCAA00747303 /* Build configuration list for PBXProject "App" */ = {
			isa = XCConfigurationList;
			buildConfigurations = (
				376E138127A6FCAE00747303 /* Debug */,
				376E138227A6FCAE00747303 /* Release */,
			);
			defaultConfigurationIsVisible = 0;
			defaultConfigurationName = Release;
		};
		376E138327A6FCAE00747303 /* Build configuration list for PBXNativeTarget "App" */ = {
			isa = XCConfigurationList;
			buildConfigurations = (
				376E138427A6FCAE00747303 /* Debug */,
				376E138527A6FCAE00747303 /* Release */,
			);
			defaultConfigurationIsVisible = 0;
			defaultConfigurationName = Release;
		};
/* End XCConfigurationList section */

/* Begin XCVersionGroup section */
		376E137E27A6FCAE00747303 /* App.xcdatamodeld */ = {
			isa = XCVersionGroup;
			children = (
				376E137F27A6FCAE00747303 /* App.xcdatamodel */,
			);
			currentVersion = 376E137F27A6FCAE00747303 /* App.xcdatamodel */;
			path = App.xcdatamodeld;
			sourceTree = "<group>";
			versionGroupType = wrapper.xcdatamodel;
		};
/* End XCVersionGroup section */
	};
	rootObject = 376E136827A6FCAA00747303 /* Project object */;
}
