// !$*UTF8*$!
{
	archiveVersion = 1;
	classes = {
	};
	objectVersion = 55;
	objects = {

/* Begin PBXBuildFile section */
		2274C32A275DDF7B00662F6B /* AppDelegate.swift in Sources */ = {isa = PBXBuildFile; fileRef = 2274C329275DDF7B00662F6B /* AppDelegate.swift */; };
		2274C32C275DDF7B00662F6B /* SceneDelegate.swift in Sources */ = {isa = PBXBuildFile; fileRef = 2274C32B275DDF7B00662F6B /* SceneDelegate.swift */; };
		2274C32E275DDF7B00662F6B /* ViewController.swift in Sources */ = {isa = PBXBuildFile; fileRef = 2274C32D275DDF7B00662F6B /* ViewController.swift */; };
		2274C331275DDF7B00662F6B /* Main.storyboard in Resources */ = {isa = PBXBuildFile; fileRef = 2274C32F275DDF7B00662F6B /* Main.storyboard */; };
		2274C334275DDF7B00662F6B /* PencilKit_Test.xcdatamodeld in Sources */ = {isa = PBXBuildFile; fileRef = 2274C332275DDF7B00662F6B /* PencilKit_Test.xcdatamodeld */; };
		2274C336275DDF7C00662F6B /* Assets.xcassets in Resources */ = {isa = PBXBuildFile; fileRef = 2274C335275DDF7C00662F6B /* Assets.xcassets */; };
		2274C339275DDF7C00662F6B /* LaunchScreen.storyboard in Resources */ = {isa = PBXBuildFile; fileRef = 2274C337275DDF7C00662F6B /* LaunchScreen.storyboard */; };
		2274C344275DDF7C00662F6B /* PencilKit_TestTests.swift in Sources */ = {isa = PBXBuildFile; fileRef = 2274C343275DDF7C00662F6B /* PencilKit_TestTests.swift */; };
		2274C34E275DDF7C00662F6B /* PencilKit_TestUITests.swift in Sources */ = {isa = PBXBuildFile; fileRef = 2274C34D275DDF7C00662F6B /* PencilKit_TestUITests.swift */; };
		2274C350275DDF7C00662F6B /* PencilKit_TestUITestsLaunchTests.swift in Sources */ = {isa = PBXBuildFile; fileRef = 2274C34F275DDF7C00662F6B /* PencilKit_TestUITestsLaunchTests.swift */; };
/* End PBXBuildFile section */

/* Begin PBXContainerItemProxy section */
		2274C340275DDF7C00662F6B /* PBXContainerItemProxy */ = {
			isa = PBXContainerItemProxy;
			containerPortal = 2274C31E275DDF7B00662F6B /* Project object */;
			proxyType = 1;
			remoteGlobalIDString = 2274C325275DDF7B00662F6B;
			remoteInfo = "PencilKit Test";
		};
		2274C34A275DDF7C00662F6B /* PBXContainerItemProxy */ = {
			isa = PBXContainerItemProxy;
			containerPortal = 2274C31E275DDF7B00662F6B /* Project object */;
			proxyType = 1;
			remoteGlobalIDString = 2274C325275DDF7B00662F6B;
			remoteInfo = "PencilKit Test";
		};
/* End PBXContainerItemProxy section */

/* Begin PBXFileReference section */
		2274C326275DDF7B00662F6B /* PencilKit Test.app */ = {isa = PBXFileReference; explicitFileType = wrapper.application; includeInIndex = 0; path = "PencilKit Test.app"; sourceTree = BUILT_PRODUCTS_DIR; };
		2274C329275DDF7B00662F6B /* AppDelegate.swift */ = {isa = PBXFileReference; lastKnownFileType = sourcecode.swift; path = AppDelegate.swift; sourceTree = "<group>"; };
		2274C32B275DDF7B00662F6B /* SceneDelegate.swift */ = {isa = PBXFileReference; lastKnownFileType = sourcecode.swift; path = SceneDelegate.swift; sourceTree = "<group>"; };
		2274C32D275DDF7B00662F6B /* ViewController.swift */ = {isa = PBXFileReference; lastKnownFileType = sourcecode.swift; path = ViewController.swift; sourceTree = "<group>"; };
		2274C330275DDF7B00662F6B /* Base */ = {isa = PBXFileReference; lastKnownFileType = file.storyboard; name = Base; path = Base.lproj/Main.storyboard; sourceTree = "<group>"; };
		2274C333275DDF7B00662F6B /* PencilKit_Test.xcdatamodel */ = {isa = PBXFileReference; lastKnownFileType = wrapper.xcdatamodel; path = PencilKit_Test.xcdatamodel; sourceTree = "<group>"; };
		2274C335275DDF7C00662F6B /* Assets.xcassets */ = {isa = PBXFileReference; lastKnownFileType = folder.assetcatalog; path = Assets.xcassets; sourceTree = "<group>"; };
		2274C338275DDF7C00662F6B /* Base */ = {isa = PBXFileReference; lastKnownFileType = file.storyboard; name = Base; path = Base.lproj/LaunchScreen.storyboard; sourceTree = "<group>"; };
		2274C33A275DDF7C00662F6B /* Info.plist */ = {isa = PBXFileReference; lastKnownFileType = text.plist.xml; path = Info.plist; sourceTree = "<group>"; };
		2274C33F275DDF7C00662F6B /* PencilKit TestTests.xctest */ = {isa = PBXFileReference; explicitFileType = wrapper.cfbundle; includeInIndex = 0; path = "PencilKit TestTests.xctest"; sourceTree = BUILT_PRODUCTS_DIR; };
		2274C343275DDF7C00662F6B /* PencilKit_TestTests.swift */ = {isa = PBXFileReference; lastKnownFileType = sourcecode.swift; path = PencilKit_TestTests.swift; sourceTree = "<group>"; };
		2274C349275DDF7C00662F6B /* PencilKit TestUITests.xctest */ = {isa = PBXFileReference; explicitFileType = wrapper.cfbundle; includeInIndex = 0; path = "PencilKit TestUITests.xctest"; sourceTree = BUILT_PRODUCTS_DIR; };
		2274C34D275DDF7C00662F6B /* PencilKit_TestUITests.swift */ = {isa = PBXFileReference; lastKnownFileType = sourcecode.swift; path = PencilKit_TestUITests.swift; sourceTree = "<group>"; };
		2274C34F275DDF7C00662F6B /* PencilKit_TestUITestsLaunchTests.swift */ = {isa = PBXFileReference; lastKnownFileType = sourcecode.swift; path = PencilKit_TestUITestsLaunchTests.swift; sourceTree = "<group>"; };
/* End PBXFileReference section */

/* Begin PBXFrameworksBuildPhase section */
		2274C323275DDF7B00662F6B /* Frameworks */ = {
			isa = PBXFrameworksBuildPhase;
			buildActionMask = 2147483647;
			files = (
			);
			runOnlyForDeploymentPostprocessing = 0;
		};
		2274C33C275DDF7C00662F6B /* Frameworks */ = {
			isa = PBXFrameworksBuildPhase;
			buildActionMask = 2147483647;
			files = (
			);
			runOnlyForDeploymentPostprocessing = 0;
		};
		2274C346275DDF7C00662F6B /* Frameworks */ = {
			isa = PBXFrameworksBuildPhase;
			buildActionMask = 2147483647;
			files = (
			);
			runOnlyForDeploymentPostprocessing = 0;
		};
/* End PBXFrameworksBuildPhase section */

/* Begin PBXGroup section */
		2274C31D275DDF7B00662F6B = {
			isa = PBXGroup;
			children = (
				2274C328275DDF7B00662F6B /* PencilKit Test */,
				2274C342275DDF7C00662F6B /* PencilKit TestTests */,
				2274C34C275DDF7C00662F6B /* PencilKit TestUITests */,
				2274C327275DDF7B00662F6B /* Products */,
			);
			sourceTree = "<group>";
		};
		2274C327275DDF7B00662F6B /* Products */ = {
			isa = PBXGroup;
			children = (
				2274C326275DDF7B00662F6B /* PencilKit Test.app */,
				2274C33F275DDF7C00662F6B /* PencilKit TestTests.xctest */,
				2274C349275DDF7C00662F6B /* PencilKit TestUITests.xctest */,
			);
			name = Products;
			sourceTree = "<group>";
		};
		2274C328275DDF7B00662F6B /* PencilKit Test */ = {
			isa = PBXGroup;
			children = (
				2274C329275DDF7B00662F6B /* AppDelegate.swift */,
				2274C32B275DDF7B00662F6B /* SceneDelegate.swift */,
				2274C32D275DDF7B00662F6B /* ViewController.swift */,
				2274C32F275DDF7B00662F6B /* Main.storyboard */,
				2274C335275DDF7C00662F6B /* Assets.xcassets */,
				2274C337275DDF7C00662F6B /* LaunchScreen.storyboard */,
				2274C33A275DDF7C00662F6B /* Info.plist */,
				2274C332275DDF7B00662F6B /* PencilKit_Test.xcdatamodeld */,
			);
			path = "PencilKit Test";
			sourceTree = "<group>";
		};
		2274C342275DDF7C00662F6B /* PencilKit TestTests */ = {
			isa = PBXGroup;
			children = (
				2274C343275DDF7C00662F6B /* PencilKit_TestTests.swift */,
			);
			path = "PencilKit TestTests";
			sourceTree = "<group>";
		};
		2274C34C275DDF7C00662F6B /* PencilKit TestUITests */ = {
			isa = PBXGroup;
			children = (
				2274C34D275DDF7C00662F6B /* PencilKit_TestUITests.swift */,
				2274C34F275DDF7C00662F6B /* PencilKit_TestUITestsLaunchTests.swift */,
			);
			path = "PencilKit TestUITests";
			sourceTree = "<group>";
		};
/* End PBXGroup section */

/* Begin PBXNativeTarget section */
		2274C325275DDF7B00662F6B /* PencilKit Test */ = {
			isa = PBXNativeTarget;
			buildConfigurationList = 2274C353275DDF7C00662F6B /* Build configuration list for PBXNativeTarget "PencilKit Test" */;
			buildPhases = (
				2274C322275DDF7B00662F6B /* Sources */,
				2274C323275DDF7B00662F6B /* Frameworks */,
				2274C324275DDF7B00662F6B /* Resources */,
			);
			buildRules = (
			);
			dependencies = (
			);
			name = "PencilKit Test";
			productName = "PencilKit Test";
			productReference = 2274C326275DDF7B00662F6B /* PencilKit Test.app */;
			productType = "com.apple.product-type.application";
		};
		2274C33E275DDF7C00662F6B /* PencilKit TestTests */ = {
			isa = PBXNativeTarget;
			buildConfigurationList = 2274C356275DDF7C00662F6B /* Build configuration list for PBXNativeTarget "PencilKit TestTests" */;
			buildPhases = (
				2274C33B275DDF7C00662F6B /* Sources */,
				2274C33C275DDF7C00662F6B /* Frameworks */,
				2274C33D275DDF7C00662F6B /* Resources */,
			);
			buildRules = (
			);
			dependencies = (
				2274C341275DDF7C00662F6B /* PBXTargetDependency */,
			);
			name = "PencilKit TestTests";
			productName = "PencilKit TestTests";
			productReference = 2274C33F275DDF7C00662F6B /* PencilKit TestTests.xctest */;
			productType = "com.apple.product-type.bundle.unit-test";
		};
		2274C348275DDF7C00662F6B /* PencilKit TestUITests */ = {
			isa = PBXNativeTarget;
			buildConfigurationList = 2274C359275DDF7C00662F6B /* Build configuration list for PBXNativeTarget "PencilKit TestUITests" */;
			buildPhases = (
				2274C345275DDF7C00662F6B /* Sources */,
				2274C346275DDF7C00662F6B /* Frameworks */,
				2274C347275DDF7C00662F6B /* Resources */,
			);
			buildRules = (
			);
			dependencies = (
				2274C34B275DDF7C00662F6B /* PBXTargetDependency */,
			);
			name = "PencilKit TestUITests";
			productName = "PencilKit TestUITests";
			productReference = 2274C349275DDF7C00662F6B /* PencilKit TestUITests.xctest */;
			productType = "com.apple.product-type.bundle.ui-testing";
		};
/* End PBXNativeTarget section */

/* Begin PBXProject section */
		2274C31E275DDF7B00662F6B /* Project object */ = {
			isa = PBXProject;
			attributes = {
				BuildIndependentTargetsInParallel = 1;
				LastSwiftUpdateCheck = 1310;
				LastUpgradeCheck = 1310;
				TargetAttributes = {
					2274C325275DDF7B00662F6B = {
						CreatedOnToolsVersion = 13.1;
					};
					2274C33E275DDF7C00662F6B = {
						CreatedOnToolsVersion = 13.1;
						TestTargetID = 2274C325275DDF7B00662F6B;
					};
					2274C348275DDF7C00662F6B = {
						CreatedOnToolsVersion = 13.1;
						TestTargetID = 2274C325275DDF7B00662F6B;
					};
				};
			};
			buildConfigurationList = 2274C321275DDF7B00662F6B /* Build configuration list for PBXProject "PencilKit Test" */;
			compatibilityVersion = "Xcode 13.0";
			developmentRegion = en;
			hasScannedForEncodings = 0;
			knownRegions = (
				en,
				Base,
			);
			mainGroup = 2274C31D275DDF7B00662F6B;
			productRefGroup = 2274C327275DDF7B00662F6B /* Products */;
			projectDirPath = "";
			projectRoot = "";
			targets = (
				2274C325275DDF7B00662F6B /* PencilKit Test */,
				2274C33E275DDF7C00662F6B /* PencilKit TestTests */,
				2274C348275DDF7C00662F6B /* PencilKit TestUITests */,
			);
		};
/* End PBXProject section */

/* Begin PBXResourcesBuildPhase section */
		2274C324275DDF7B00662F6B /* Resources */ = {
			isa = PBXResourcesBuildPhase;
			buildActionMask = 2147483647;
			files = (
				2274C339275DDF7C00662F6B /* LaunchScreen.storyboard in Resources */,
				2274C336275DDF7C00662F6B /* Assets.xcassets in Resources */,
				2274C331275DDF7B00662F6B /* Main.storyboard in Resources */,
			);
			runOnlyForDeploymentPostprocessing = 0;
		};
		2274C33D275DDF7C00662F6B /* Resources */ = {
			isa = PBXResourcesBuildPhase;
			buildActionMask = 2147483647;
			files = (
			);
			runOnlyForDeploymentPostprocessing = 0;
		};
		2274C347275DDF7C00662F6B /* Resources */ = {
			isa = PBXResourcesBuildPhase;
			buildActionMask = 2147483647;
			files = (
			);
			runOnlyForDeploymentPostprocessing = 0;
		};
/* End PBXResourcesBuildPhase section */

/* Begin PBXSourcesBuildPhase section */
		2274C322275DDF7B00662F6B /* Sources */ = {
			isa = PBXSourcesBuildPhase;
			buildActionMask = 2147483647;
			files = (
				2274C32E275DDF7B00662F6B /* ViewController.swift in Sources */,
				2274C334275DDF7B00662F6B /* PencilKit_Test.xcdatamodeld in Sources */,
				2274C32A275DDF7B00662F6B /* AppDelegate.swift in Sources */,
				2274C32C275DDF7B00662F6B /* SceneDelegate.swift in Sources */,
			);
			runOnlyForDeploymentPostprocessing = 0;
		};
		2274C33B275DDF7C00662F6B /* Sources */ = {
			isa = PBXSourcesBuildPhase;
			buildActionMask = 2147483647;
			files = (
				2274C344275DDF7C00662F6B /* PencilKit_TestTests.swift in Sources */,
			);
			runOnlyForDeploymentPostprocessing = 0;
		};
		2274C345275DDF7C00662F6B /* Sources */ = {
			isa = PBXSourcesBuildPhase;
			buildActionMask = 2147483647;
			files = (
				2274C350275DDF7C00662F6B /* PencilKit_TestUITestsLaunchTests.swift in Sources */,
				2274C34E275DDF7C00662F6B /* PencilKit_TestUITests.swift in Sources */,
			);
			runOnlyForDeploymentPostprocessing = 0;
		};
/* End PBXSourcesBuildPhase section */

/* Begin PBXTargetDependency section */
		2274C341275DDF7C00662F6B /* PBXTargetDependency */ = {
			isa = PBXTargetDependency;
			target = 2274C325275DDF7B00662F6B /* PencilKit Test */;
			targetProxy = 2274C340275DDF7C00662F6B /* PBXContainerItemProxy */;
		};
		2274C34B275DDF7C00662F6B /* PBXTargetDependency */ = {
			isa = PBXTargetDependency;
			target = 2274C325275DDF7B00662F6B /* PencilKit Test */;
			targetProxy = 2274C34A275DDF7C00662F6B /* PBXContainerItemProxy */;
		};
/* End PBXTargetDependency section */

/* Begin PBXVariantGroup section */
		2274C32F275DDF7B00662F6B /* Main.storyboard */ = {
			isa = PBXVariantGroup;
			children = (
				2274C330275DDF7B00662F6B /* Base */,
			);
			name = Main.storyboard;
			sourceTree = "<group>";
		};
		2274C337275DDF7C00662F6B /* LaunchScreen.storyboard */ = {
			isa = PBXVariantGroup;
			children = (
				2274C338275DDF7C00662F6B /* Base */,
			);
			name = LaunchScreen.storyboard;
			sourceTree = "<group>";
		};
/* End PBXVariantGroup section */

/* Begin XCBuildConfiguration section */
		2274C351275DDF7C00662F6B /* Debug */ = {
			isa = XCBuildConfiguration;
			buildSettings = {
				ALWAYS_SEARCH_USER_PATHS = NO;
				CLANG_ANALYZER_NONNULL = YES;
				CLANG_ANALYZER_NUMBER_OBJECT_CONVERSION = YES_AGGRESSIVE;
				CLANG_CXX_LANGUAGE_STANDARD = "gnu++17";
				CLANG_CXX_LIBRARY = "libc++";
				CLANG_ENABLE_MODULES = YES;
				CLANG_ENABLE_OBJC_ARC = YES;
				CLANG_ENABLE_OBJC_WEAK = YES;
				CLANG_WARN_BLOCK_CAPTURE_AUTORELEASING = YES;
				CLANG_WARN_BOOL_CONVERSION = YES;
				CLANG_WARN_COMMA = YES;
				CLANG_WARN_CONSTANT_CONVERSION = YES;
				CLANG_WARN_DEPRECATED_OBJC_IMPLEMENTATIONS = YES;
				CLANG_WARN_DIRECT_OBJC_ISA_USAGE = YES_ERROR;
				CLANG_WARN_DOCUMENTATION_COMMENTS = YES;
				CLANG_WARN_EMPTY_BODY = YES;
				CLANG_WARN_ENUM_CONVERSION = YES;
				CLANG_WARN_INFINITE_RECURSION = YES;
				CLANG_WARN_INT_CONVERSION = YES;
				CLANG_WARN_NON_LITERAL_NULL_CONVERSION = YES;
				CLANG_WARN_OBJC_IMPLICIT_RETAIN_SELF = YES;
				CLANG_WARN_OBJC_LITERAL_CONVERSION = YES;
				CLANG_WARN_OBJC_ROOT_CLASS = YES_ERROR;
				CLANG_WARN_QUOTED_INCLUDE_IN_FRAMEWORK_HEADER = YES;
				CLANG_WARN_RANGE_LOOP_ANALYSIS = YES;
				CLANG_WARN_STRICT_PROTOTYPES = YES;
				CLANG_WARN_SUSPICIOUS_MOVE = YES;
				CLANG_WARN_UNGUARDED_AVAILABILITY = YES_AGGRESSIVE;
				CLANG_WARN_UNREACHABLE_CODE = YES;
				CLANG_WARN__DUPLICATE_METHOD_MATCH = YES;
				COPY_PHASE_STRIP = NO;
				DEBUG_INFORMATION_FORMAT = dwarf;
				ENABLE_STRICT_OBJC_MSGSEND = YES;
				ENABLE_TESTABILITY = YES;
				GCC_C_LANGUAGE_STANDARD = gnu11;
				GCC_DYNAMIC_NO_PIC = NO;
				GCC_NO_COMMON_BLOCKS = YES;
				GCC_OPTIMIZATION_LEVEL = 0;
				GCC_PREPROCESSOR_DEFINITIONS = (
					"DEBUG=1",
					"$(inherited)",
				);
				GCC_WARN_64_TO_32_BIT_CONVERSION = YES;
				GCC_WARN_ABOUT_RETURN_TYPE = YES_ERROR;
				GCC_WARN_UNDECLARED_SELECTOR = YES;
				GCC_WARN_UNINITIALIZED_AUTOS = YES_AGGRESSIVE;
				GCC_WARN_UNUSED_FUNCTION = YES;
				GCC_WARN_UNUSED_VARIABLE = YES;
				IPHONEOS_DEPLOYMENT_TARGET = 15.0;
				MTL_ENABLE_DEBUG_INFO = INCLUDE_SOURCE;
				MTL_FAST_MATH = YES;
				ONLY_ACTIVE_ARCH = YES;
				SDKROOT = iphoneos;
				SWIFT_ACTIVE_COMPILATION_CONDITIONS = DEBUG;
				SWIFT_OPTIMIZATION_LEVEL = "-Onone";
			};
			name = Debug;
		};
		2274C352275DDF7C00662F6B /* Release */ = {
			isa = XCBuildConfiguration;
			buildSettings = {
				ALWAYS_SEARCH_USER_PATHS = NO;
				CLANG_ANALYZER_NONNULL = YES;
				CLANG_ANALYZER_NUMBER_OBJECT_CONVERSION = YES_AGGRESSIVE;
				CLANG_CXX_LANGUAGE_STANDARD = "gnu++17";
				CLANG_CXX_LIBRARY = "libc++";
				CLANG_ENABLE_MODULES = YES;
				CLANG_ENABLE_OBJC_ARC = YES;
				CLANG_ENABLE_OBJC_WEAK = YES;
				CLANG_WARN_BLOCK_CAPTURE_AUTORELEASING = YES;
				CLANG_WARN_BOOL_CONVERSION = YES;
				CLANG_WARN_COMMA = YES;
				CLANG_WARN_CONSTANT_CONVERSION = YES;
				CLANG_WARN_DEPRECATED_OBJC_IMPLEMENTATIONS = YES;
				CLANG_WARN_DIRECT_OBJC_ISA_USAGE = YES_ERROR;
				CLANG_WARN_DOCUMENTATION_COMMENTS = YES;
				CLANG_WARN_EMPTY_BODY = YES;
				CLANG_WARN_ENUM_CONVERSION = YES;
				CLANG_WARN_INFINITE_RECURSION = YES;
				CLANG_WARN_INT_CONVERSION = YES;
				CLANG_WARN_NON_LITERAL_NULL_CONVERSION = YES;
				CLANG_WARN_OBJC_IMPLICIT_RETAIN_SELF = YES;
				CLANG_WARN_OBJC_LITERAL_CONVERSION = YES;
				CLANG_WARN_OBJC_ROOT_CLASS = YES_ERROR;
				CLANG_WARN_QUOTED_INCLUDE_IN_FRAMEWORK_HEADER = YES;
				CLANG_WARN_RANGE_LOOP_ANALYSIS = YES;
				CLANG_WARN_STRICT_PROTOTYPES = YES;
				CLANG_WARN_SUSPICIOUS_MOVE = YES;
				CLANG_WARN_UNGUARDED_AVAILABILITY = YES_AGGRESSIVE;
				CLANG_WARN_UNREACHABLE_CODE = YES;
				CLANG_WARN__DUPLICATE_METHOD_MATCH = YES;
				COPY_PHASE_STRIP = NO;
				DEBUG_INFORMATION_FORMAT = "dwarf-with-dsym";
				ENABLE_NS_ASSERTIONS = NO;
				ENABLE_STRICT_OBJC_MSGSEND = YES;
				GCC_C_LANGUAGE_STANDARD = gnu11;
				GCC_NO_COMMON_BLOCKS = YES;
				GCC_WARN_64_TO_32_BIT_CONVERSION = YES;
				GCC_WARN_ABOUT_RETURN_TYPE = YES_ERROR;
				GCC_WARN_UNDECLARED_SELECTOR = YES;
				GCC_WARN_UNINITIALIZED_AUTOS = YES_AGGRESSIVE;
				GCC_WARN_UNUSED_FUNCTION = YES;
				GCC_WARN_UNUSED_VARIABLE = YES;
				IPHONEOS_DEPLOYMENT_TARGET = 15.0;
				MTL_ENABLE_DEBUG_INFO = NO;
				MTL_FAST_MATH = YES;
				SDKROOT = iphoneos;
				SWIFT_COMPILATION_MODE = wholemodule;
				SWIFT_OPTIMIZATION_LEVEL = "-O";
				VALIDATE_PRODUCT = YES;
			};
			name = Release;
		};
		2274C354275DDF7C00662F6B /* Debug */ = {
			isa = XCBuildConfiguration;
			buildSettings = {
				ASSETCATALOG_COMPILER_APPICON_NAME = AppIcon;
				ASSETCATALOG_COMPILER_GLOBAL_ACCENT_COLOR_NAME = AccentColor;
				CODE_SIGN_IDENTITY = "Apple Development";
				CODE_SIGN_STYLE = Automatic;
				CURRENT_PROJECT_VERSION = 1;
				DEVELOPMENT_TEAM = MD859LCGYY;
				GENERATE_INFOPLIST_FILE = YES;
				INFOPLIST_FILE = "PencilKit Test/Info.plist";
				INFOPLIST_KEY_UIApplicationSupportsIndirectInputEvents = YES;
				INFOPLIST_KEY_UILaunchStoryboardName = LaunchScreen;
				INFOPLIST_KEY_UIMainStoryboardFile = Main;
				INFOPLIST_KEY_UISupportedInterfaceOrientations_iPad = "UIInterfaceOrientationPortrait UIInterfaceOrientationPortraitUpsideDown UIInterfaceOrientationLandscapeLeft UIInterfaceOrientationLandscapeRight";
				INFOPLIST_KEY_UISupportedInterfaceOrientations_iPhone = "UIInterfaceOrientationPortrait UIInterfaceOrientationLandscapeLeft UIInterfaceOrientationLandscapeRight";
				IPHONEOS_DEPLOYMENT_TARGET = 14.0;
				LD_RUNPATH_SEARCH_PATHS = (
					"$(inherited)",
					"@executable_path/Frameworks",
				);
				MARKETING_VERSION = 1.0;
				PRODUCT_BUNDLE_IDENTIFIER = "PencilKit-Testing.PencilKit-Test";
				PRODUCT_NAME = "$(TARGET_NAME)";
				PROVISIONING_PROFILE_SPECIFIER = "";
				SWIFT_EMIT_LOC_STRINGS = YES;
				SWIFT_VERSION = 5.0;
				TARGETED_DEVICE_FAMILY = 2;
			};
			name = Debug;
		};
		2274C355275DDF7C00662F6B /* Release */ = {
			isa = XCBuildConfiguration;
			buildSettings = {
				ASSETCATALOG_COMPILER_APPICON_NAME = AppIcon;
				ASSETCATALOG_COMPILER_GLOBAL_ACCENT_COLOR_NAME = AccentColor;
				CODE_SIGN_IDENTITY = "Apple Development";
				CODE_SIGN_STYLE = Automatic;
				CURRENT_PROJECT_VERSION = 1;
				DEVELOPMENT_TEAM = MD859LCGYY;
				GENERATE_INFOPLIST_FILE = YES;
				INFOPLIST_FILE = "PencilKit Test/Info.plist";
				INFOPLIST_KEY_UIApplicationSupportsIndirectInputEvents = YES;
				INFOPLIST_KEY_UILaunchStoryboardName = LaunchScreen;
				INFOPLIST_KEY_UIMainStoryboardFile = Main;
				INFOPLIST_KEY_UISupportedInterfaceOrientations_iPad = "UIInterfaceOrientationPortrait UIInterfaceOrientationPortraitUpsideDown UIInterfaceOrientationLandscapeLeft UIInterfaceOrientationLandscapeRight";
				INFOPLIST_KEY_UISupportedInterfaceOrientations_iPhone = "UIInterfaceOrientationPortrait UIInterfaceOrientationLandscapeLeft UIInterfaceOrientationLandscapeRight";
				IPHONEOS_DEPLOYMENT_TARGET = 14.0;
				LD_RUNPATH_SEARCH_PATHS = (
					"$(inherited)",
					"@executable_path/Frameworks",
				);
				MARKETING_VERSION = 1.0;
				PRODUCT_BUNDLE_IDENTIFIER = "PencilKit-Testing.PencilKit-Test";
				PRODUCT_NAME = "$(TARGET_NAME)";
				PROVISIONING_PROFILE_SPECIFIER = "";
				SWIFT_EMIT_LOC_STRINGS = YES;
				SWIFT_VERSION = 5.0;
				TARGETED_DEVICE_FAMILY = 2;
			};
			name = Release;
		};
		2274C357275DDF7C00662F6B /* Debug */ = {
			isa = XCBuildConfiguration;
			buildSettings = {
				ALWAYS_EMBED_SWIFT_STANDARD_LIBRARIES = YES;
				BUNDLE_LOADER = "$(TEST_HOST)";
				CODE_SIGN_STYLE = Automatic;
				CURRENT_PROJECT_VERSION = 1;
				GENERATE_INFOPLIST_FILE = YES;
				IPHONEOS_DEPLOYMENT_TARGET = 15.0;
				LD_RUNPATH_SEARCH_PATHS = (
					"$(inherited)",
					"@executable_path/Frameworks",
					"@loader_path/Frameworks",
				);
				MARKETING_VERSION = 1.0;
				PRODUCT_BUNDLE_IDENTIFIER = "PencilKit-Testing.PencilKit-TestTests";
				PRODUCT_NAME = "$(TARGET_NAME)";
				SWIFT_EMIT_LOC_STRINGS = NO;
				SWIFT_VERSION = 5.0;
				TARGETED_DEVICE_FAMILY = "1,2";
				TEST_HOST = "$(BUILT_PRODUCTS_DIR)/PencilKit Test.app/PencilKit Test";
			};
			name = Debug;
		};
		2274C358275DDF7C00662F6B /* Release */ = {
			isa = XCBuildConfiguration;
			buildSettings = {
				ALWAYS_EMBED_SWIFT_STANDARD_LIBRARIES = YES;
				BUNDLE_LOADER = "$(TEST_HOST)";
				CODE_SIGN_STYLE = Automatic;
				CURRENT_PROJECT_VERSION = 1;
				GENERATE_INFOPLIST_FILE = YES;
				IPHONEOS_DEPLOYMENT_TARGET = 15.0;
				LD_RUNPATH_SEARCH_PATHS = (
					"$(inherited)",
					"@executable_path/Frameworks",
					"@loader_path/Frameworks",
				);
				MARKETING_VERSION = 1.0;
				PRODUCT_BUNDLE_IDENTIFIER = "PencilKit-Testing.PencilKit-TestTests";
				PRODUCT_NAME = "$(TARGET_NAME)";
				SWIFT_EMIT_LOC_STRINGS = NO;
				SWIFT_VERSION = 5.0;
				TARGETED_DEVICE_FAMILY = "1,2";
				TEST_HOST = "$(BUILT_PRODUCTS_DIR)/PencilKit Test.app/PencilKit Test";
			};
			name = Release;
		};
		2274C35A275DDF7C00662F6B /* Debug */ = {
			isa = XCBuildConfiguration;
			buildSettings = {
				ALWAYS_EMBED_SWIFT_STANDARD_LIBRARIES = YES;
				CODE_SIGN_STYLE = Automatic;
				CURRENT_PROJECT_VERSION = 1;
				GENERATE_INFOPLIST_FILE = YES;
				LD_RUNPATH_SEARCH_PATHS = (
					"$(inherited)",
					"@executable_path/Frameworks",
					"@loader_path/Frameworks",
				);
				MARKETING_VERSION = 1.0;
				PRODUCT_BUNDLE_IDENTIFIER = "PencilKit-Testing.PencilKit-TestUITests";
				PRODUCT_NAME = "$(TARGET_NAME)";
				SWIFT_EMIT_LOC_STRINGS = NO;
				SWIFT_VERSION = 5.0;
				TARGETED_DEVICE_FAMILY = "1,2";
				TEST_TARGET_NAME = "PencilKit Test";
			};
			name = Debug;
		};
		2274C35B275DDF7C00662F6B /* Release */ = {
			isa = XCBuildConfiguration;
			buildSettings = {
				ALWAYS_EMBED_SWIFT_STANDARD_LIBRARIES = YES;
				CODE_SIGN_STYLE = Automatic;
				CURRENT_PROJECT_VERSION = 1;
				GENERATE_INFOPLIST_FILE = YES;
				LD_RUNPATH_SEARCH_PATHS = (
					"$(inherited)",
					"@executable_path/Frameworks",
					"@loader_path/Frameworks",
				);
				MARKETING_VERSION = 1.0;
				PRODUCT_BUNDLE_IDENTIFIER = "PencilKit-Testing.PencilKit-TestUITests";
				PRODUCT_NAME = "$(TARGET_NAME)";
				SWIFT_EMIT_LOC_STRINGS = NO;
				SWIFT_VERSION = 5.0;
				TARGETED_DEVICE_FAMILY = "1,2";
				TEST_TARGET_NAME = "PencilKit Test";
			};
			name = Release;
		};
/* End XCBuildConfiguration section */

/* Begin XCConfigurationList section */
		2274C321275DDF7B00662F6B /* Build configuration list for PBXProject "PencilKit Test" */ = {
			isa = XCConfigurationList;
			buildConfigurations = (
				2274C351275DDF7C00662F6B /* Debug */,
				2274C352275DDF7C00662F6B /* Release */,
			);
			defaultConfigurationIsVisible = 0;
			defaultConfigurationName = Release;
		};
		2274C353275DDF7C00662F6B /* Build configuration list for PBXNativeTarget "PencilKit Test" */ = {
			isa = XCConfigurationList;
			buildConfigurations = (
				2274C354275DDF7C00662F6B /* Debug */,
				2274C355275DDF7C00662F6B /* Release */,
			);
			defaultConfigurationIsVisible = 0;
			defaultConfigurationName = Release;
		};
		2274C356275DDF7C00662F6B /* Build configuration list for PBXNativeTarget "PencilKit TestTests" */ = {
			isa = XCConfigurationList;
			buildConfigurations = (
				2274C357275DDF7C00662F6B /* Debug */,
				2274C358275DDF7C00662F6B /* Release */,
			);
			defaultConfigurationIsVisible = 0;
			defaultConfigurationName = Release;
		};
		2274C359275DDF7C00662F6B /* Build configuration list for PBXNativeTarget "PencilKit TestUITests" */ = {
			isa = XCConfigurationList;
			buildConfigurations = (
				2274C35A275DDF7C00662F6B /* Debug */,
				2274C35B275DDF7C00662F6B /* Release */,
			);
			defaultConfigurationIsVisible = 0;
			defaultConfigurationName = Release;
		};
/* End XCConfigurationList section */

/* Begin XCVersionGroup section */
		2274C332275DDF7B00662F6B /* PencilKit_Test.xcdatamodeld */ = {
			isa = XCVersionGroup;
			children = (
				2274C333275DDF7B00662F6B /* PencilKit_Test.xcdatamodel */,
			);
			currentVersion = 2274C333275DDF7B00662F6B /* PencilKit_Test.xcdatamodel */;
			path = PencilKit_Test.xcdatamodeld;
			sourceTree = "<group>";
			versionGroupType = wrapper.xcdatamodel;
		};
/* End XCVersionGroup section */
	};
	rootObject = 2274C31E275DDF7B00662F6B /* Project object */;
}
